
Microsoft Visual Studio Solution File, Format Version 12.00
# Visual Studio Version 17
VisualStudioVersion = 17.1.32414.318
MinimumVisualStudioVersion = 10.0.40219.1
Project("{FAE04EC0-301F-11D3-BF4B-00C04F79EFBC}") = "Proyecto0001", "Proyecto0001\Proyecto0001.csproj", "{BAFB4695-AA11-4ABC-A55E-8D65E7FFC414}"
EndProject
Global
	GlobalSection(SolutionConfigurationPlatforms) = preSolution
		Debug|Any CPU = Debug|Any CPU
		Release|Any CPU = Release|Any CPU
	EndGlobalSection
	GlobalSection(ProjectConfigurationPlatforms) = postSolution
		{BAFB4695-AA11-4ABC-A55E-8D65E7FFC414}.Debug|Any CPU.ActiveCfg = Debug|Any CPU
		{BAFB4695-AA11-4ABC-A55E-8D65E7FFC414}.Debug|Any CPU.Build.0 = Debug|Any CPU
		{BAFB4695-AA11-4ABC-A55E-8D65E7FFC414}.Release|Any CPU.ActiveCfg = Release|Any CPU
		{BAFB4695-AA11-4ABC-A55E-8D65E7FFC414}.Release|Any CPU.Build.0 = Release|Any CPU
	EndGlobalSection
	GlobalSection(SolutionProperties) = preSolution
		HideSolutionNode = FALSE
	EndGlobalSection
	GlobalSection(ExtensibilityGlobals) = postSolution
		SolutionGuid = {86CA57B1-453C-4345-AAAB-3E6B72CB9E27}
	EndGlobalSection
EndGlobal
