
Microsoft Visual Studio Solution File, Format Version 12.00
# Visual Studio Version 17
VisualStudioVersion = 17.1.32414.318
MinimumVisualStudioVersion = 10.0.40219.1
Project("{FAE04EC0-301F-11D3-BF4B-00C04F79EFBC}") = "Proyecto0014", "Proyecto0014\Proyecto0014.csproj", "{2CCE3B9D-959B-466A-B23F-17A0D5DD7ECB}"
EndProject
Global
	GlobalSection(SolutionConfigurationPlatforms) = preSolution
		Debug|Any CPU = Debug|Any CPU
		Release|Any CPU = Release|Any CPU
	EndGlobalSection
	GlobalSection(ProjectConfigurationPlatforms) = postSolution
		{2CCE3B9D-959B-466A-B23F-17A0D5DD7ECB}.Debug|Any CPU.ActiveCfg = Debug|Any CPU
		{2CCE3B9D-959B-466A-B23F-17A0D5DD7ECB}.Debug|Any CPU.Build.0 = Debug|Any CPU
		{2CCE3B9D-959B-466A-B23F-17A0D5DD7ECB}.Release|Any CPU.ActiveCfg = Release|Any CPU
		{2CCE3B9D-959B-466A-B23F-17A0D5DD7ECB}.Release|Any CPU.Build.0 = Release|Any CPU
	EndGlobalSection
	GlobalSection(SolutionProperties) = preSolution
		HideSolutionNode = FALSE
	EndGlobalSection
	GlobalSection(ExtensibilityGlobals) = postSolution
		SolutionGuid = {B8A4537D-C3FD-442A-9E56-883A83EFD525}
	EndGlobalSection
EndGlobal
