
Microsoft Visual Studio Solution File, Format Version 12.00
# Visual Studio Version 17
VisualStudioVersion = 17.1.32414.318
MinimumVisualStudioVersion = 10.0.40219.1
Project("{FAE04EC0-301F-11D3-BF4B-00C04F79EFBC}") = "Proyecto0022", "Proyecto0022\Proyecto0022.csproj", "{C948B9AA-AC51-4649-A35A-2A0966C7E45F}"
EndProject
Global
	GlobalSection(SolutionConfigurationPlatforms) = preSolution
		Debug|Any CPU = Debug|Any CPU
		Release|Any CPU = Release|Any CPU
	EndGlobalSection
	GlobalSection(ProjectConfigurationPlatforms) = postSolution
		{C948B9AA-AC51-4649-A35A-2A0966C7E45F}.Debug|Any CPU.ActiveCfg = Debug|Any CPU
		{C948B9AA-AC51-4649-A35A-2A0966C7E45F}.Debug|Any CPU.Build.0 = Debug|Any CPU
		{C948B9AA-AC51-4649-A35A-2A0966C7E45F}.Release|Any CPU.ActiveCfg = Release|Any CPU
		{C948B9AA-AC51-4649-A35A-2A0966C7E45F}.Release|Any CPU.Build.0 = Release|Any CPU
	EndGlobalSection
	GlobalSection(SolutionProperties) = preSolution
		HideSolutionNode = FALSE
	EndGlobalSection
	GlobalSection(ExtensibilityGlobals) = postSolution
		SolutionGuid = {47B1DC36-3B15-40D3-A5CD-48EABAE88C5B}
	EndGlobalSection
EndGlobal
