
Microsoft Visual Studio Solution File, Format Version 12.00
# Visual Studio Version 17
VisualStudioVersion = 17.1.32414.318
MinimumVisualStudioVersion = 10.0.40219.1
Project("{FAE04EC0-301F-11D3-BF4B-00C04F79EFBC}") = "Proyeto0023", "Proyeto0023\Proyeto0023.csproj", "{55DB8685-4ACE-4739-B090-ABB61EF2CAA8}"
EndProject
Global
	GlobalSection(SolutionConfigurationPlatforms) = preSolution
		Debug|Any CPU = Debug|Any CPU
		Release|Any CPU = Release|Any CPU
	EndGlobalSection
	GlobalSection(ProjectConfigurationPlatforms) = postSolution
		{55DB8685-4ACE-4739-B090-ABB61EF2CAA8}.Debug|Any CPU.ActiveCfg = Debug|Any CPU
		{55DB8685-4ACE-4739-B090-ABB61EF2CAA8}.Debug|Any CPU.Build.0 = Debug|Any CPU
		{55DB8685-4ACE-4739-B090-ABB61EF2CAA8}.Release|Any CPU.ActiveCfg = Release|Any CPU
		{55DB8685-4ACE-4739-B090-ABB61EF2CAA8}.Release|Any CPU.Build.0 = Release|Any CPU
	EndGlobalSection
	GlobalSection(SolutionProperties) = preSolution
		HideSolutionNode = FALSE
	EndGlobalSection
	GlobalSection(ExtensibilityGlobals) = postSolution
		SolutionGuid = {0AE4E810-F202-4C02-ADED-2521C7633AC5}
	EndGlobalSection
EndGlobal
