
Microsoft Visual Studio Solution File, Format Version 12.00
# Visual Studio Version 17
VisualStudioVersion = 17.1.32414.318
MinimumVisualStudioVersion = 10.0.40219.1
Project("{FAE04EC0-301F-11D3-BF4B-00C04F79EFBC}") = "Proyecto0025", "Proyecto0025\Proyecto0025.csproj", "{35FA2866-FF8A-4DEC-AB64-E4C4C1214DB9}"
EndProject
Global
	GlobalSection(SolutionConfigurationPlatforms) = preSolution
		Debug|Any CPU = Debug|Any CPU
		Release|Any CPU = Release|Any CPU
	EndGlobalSection
	GlobalSection(ProjectConfigurationPlatforms) = postSolution
		{35FA2866-FF8A-4DEC-AB64-E4C4C1214DB9}.Debug|Any CPU.ActiveCfg = Debug|Any CPU
		{35FA2866-FF8A-4DEC-AB64-E4C4C1214DB9}.Debug|Any CPU.Build.0 = Debug|Any CPU
		{35FA2866-FF8A-4DEC-AB64-E4C4C1214DB9}.Release|Any CPU.ActiveCfg = Release|Any CPU
		{35FA2866-FF8A-4DEC-AB64-E4C4C1214DB9}.Release|Any CPU.Build.0 = Release|Any CPU
	EndGlobalSection
	GlobalSection(SolutionProperties) = preSolution
		HideSolutionNode = FALSE
	EndGlobalSection
	GlobalSection(ExtensibilityGlobals) = postSolution
		SolutionGuid = {D1DF9627-E804-4182-98BE-665F060D4633}
	EndGlobalSection
EndGlobal
